
Microsoft Visual Studio Solution File, Format Version 12.00
# Visual Studio 14
VisualStudioVersion = 14.0.25420.1
MinimumVisualStudioVersion = 10.0.40219.1
Project("{FAE04EC0-301F-11D3-BF4B-00C04F79EFBC}") = "GameOfLife", "GameOfLife\GameOfLife.csproj", "{5F913EF7-8C7F-43B6-BDA8-FB3EA2A7FE22}"
EndProject
Project("{FAE04EC0-301F-11D3-BF4B-00C04F79EFBC}") = "GameOfLifeSpecification", "GameOfLifeSpecification\GameOfLifeSpecification.csproj", "{1D5FFE35-9C78-47F0-AE21-1504FC2E77C7}"
EndProject
Project("{2150E333-8FDC-42A3-9474-1A3956D46DE8}") = "SonarQube", "SonarQube", "{C4859A4C-A006-430E-97B2-DE5CF53AC042}"
	ProjectSection(SolutionItems) = preProject
		SonarQube\GameofLifeCSharp.ruleset = SonarQube\GameofLifeCSharp.ruleset
		SonarQube\SolutionBinding.sqconfig = SonarQube\SolutionBinding.sqconfig
	EndProjectSection
EndProject
Global
	GlobalSection(SolutionConfigurationPlatforms) = preSolution
		Debug|Any CPU = Debug|Any CPU
		Release|Any CPU = Release|Any CPU
	EndGlobalSection
	GlobalSection(ProjectConfigurationPlatforms) = postSolution
		{5F913EF7-8C7F-43B6-BDA8-FB3EA2A7FE22}.Debug|Any CPU.ActiveCfg = Debug|Any CPU
		{5F913EF7-8C7F-43B6-BDA8-FB3EA2A7FE22}.Debug|Any CPU.Build.0 = Debug|Any CPU
		{5F913EF7-8C7F-43B6-BDA8-FB3EA2A7FE22}.Release|Any CPU.ActiveCfg = Release|Any CPU
		{5F913EF7-8C7F-43B6-BDA8-FB3EA2A7FE22}.Release|Any CPU.Build.0 = Release|Any CPU
		{1D5FFE35-9C78-47F0-AE21-1504FC2E77C7}.Debug|Any CPU.ActiveCfg = Debug|Any CPU
		{1D5FFE35-9C78-47F0-AE21-1504FC2E77C7}.Debug|Any CPU.Build.0 = Debug|Any CPU
		{1D5FFE35-9C78-47F0-AE21-1504FC2E77C7}.Release|Any CPU.ActiveCfg = Release|Any CPU
		{1D5FFE35-9C78-47F0-AE21-1504FC2E77C7}.Release|Any CPU.Build.0 = Release|Any CPU
	EndGlobalSection
	GlobalSection(SolutionProperties) = preSolution
		HideSolutionNode = FALSE
	EndGlobalSection
EndGlobal
